// !$*UTF8*$!
{
	archiveVersion = 1;
	classes = {
	};
	objectVersion = 48;
	objects = {

/* Begin PBXBuildFile section */
		E34128FA2047E3C000AB004F /* 1.PNG in Resources */ = {isa = PBXBuildFile; fileRef = E34128F92047E3C000AB004F /* 1.PNG */; };
		E34129012047E51600AB004F /* spark.png in Resources */ = {isa = PBXBuildFile; fileRef = E34128FF2047E51600AB004F /* spark.png */; };
		E34129022047E51600AB004F /* fire.scnp in Resources */ = {isa = PBXBuildFile; fileRef = E34129002047E51600AB004F /* fire.scnp */; };
		E3DE31F52047CBB600AAF6D9 /* AppDelegate.m in Sources */ = {isa = PBXBuildFile; fileRef = E3DE31F42047CBB600AAF6D9 /* AppDelegate.m */; };
		E3DE31F82047CBB600AAF6D9 /* ViewController.m in Sources */ = {isa = PBXBuildFile; fileRef = E3DE31F72047CBB600AAF6D9 /* ViewController.m */; };
		E3DE31FB2047CBB600AAF6D9 /* Main.storyboard in Resources */ = {isa = PBXBuildFile; fileRef = E3DE31F92047CBB600AAF6D9 /* Main.storyboard */; };
		E3DE31FD2047CBB600AAF6D9 /* Assets.xcassets in Resources */ = {isa = PBXBuildFile; fileRef = E3DE31FC2047CBB600AAF6D9 /* Assets.xcassets */; };
		E3DE32002047CBB600AAF6D9 /* LaunchScreen.storyboard in Resources */ = {isa = PBXBuildFile; fileRef = E3DE31FE2047CBB600AAF6D9 /* LaunchScreen.storyboard */; };
		E3DE32032047CBB600AAF6D9 /* main.m in Sources */ = {isa = PBXBuildFile; fileRef = E3DE32022047CBB600AAF6D9 /* main.m */; };
/* End PBXBuildFile section */

/* Begin PBXFileReference section */
		E34128F92047E3C000AB004F /* 1.PNG */ = {isa = PBXFileReference; lastKnownFileType = image.png; name = 1.PNG; path = "../../ARKit-Learn06/ARKit-Learn06/1.PNG"; sourceTree = "<group>"; };
		E34128FF2047E51600AB004F /* spark.png */ = {isa = PBXFileReference; lastKnownFileType = image.png; path = spark.png; sourceTree = "<group>"; };
		E34129002047E51600AB004F /* fire.scnp */ = {isa = PBXFileReference; lastKnownFileType = file.scp; path = fire.scnp; sourceTree = "<group>"; };
		E3DE31F02047CBB600AAF6D9 /* ARKit-Learn10.app */ = {isa = PBXFileReference; explicitFileType = wrapper.application; includeInIndex = 0; path = "ARKit-Learn10.app"; sourceTree = BUILT_PRODUCTS_DIR; };
		E3DE31F32047CBB600AAF6D9 /* AppDelegate.h */ = {isa = PBXFileReference; lastKnownFileType = sourcecode.c.h; path = AppDelegate.h; sourceTree = "<group>"; };
		E3DE31F42047CBB600AAF6D9 /* AppDelegate.m */ = {isa = PBXFileReference; lastKnownFileType = sourcecode.c.objc; path = AppDelegate.m; sourceTree = "<group>"; };
		E3DE31F62047CBB600AAF6D9 /* ViewController.h */ = {isa = PBXFileReference; lastKnownFileType = sourcecode.c.h; path = ViewController.h; sourceTree = "<group>"; };
		E3DE31F72047CBB600AAF6D9 /* ViewController.m */ = {isa = PBXFileReference; lastKnownFileType = sourcecode.c.objc; path = ViewController.m; sourceTree = "<group>"; };
		E3DE31FA2047CBB600AAF6D9 /* Base */ = {isa = PBXFileReference; lastKnownFileType = file.storyboard; name = Base; path = Base.lproj/Main.storyboard; sourceTree = "<group>"; };
		E3DE31FC2047CBB600AAF6D9 /* Assets.xcassets */ = {isa = PBXFileReference; lastKnownFileType = folder.assetcatalog; path = Assets.xcassets; sourceTree = "<group>"; };
		E3DE31FF2047CBB600AAF6D9 /* Base */ = {isa = PBXFileReference; lastKnownFileType = file.storyboard; name = Base; path = Base.lproj/LaunchScreen.storyboard; sourceTree = "<group>"; };
		E3DE32012047CBB600AAF6D9 /* Info.plist */ = {isa = PBXFileReference; lastKnownFileType = text.plist.xml; path = Info.plist; sourceTree = "<group>"; };
		E3DE32022047CBB600AAF6D9 /* main.m */ = {isa = PBXFileReference; lastKnownFileType = sourcecode.c.objc; path = main.m; sourceTree = "<group>"; };
/* End PBXFileReference section */

/* Begin PBXFrameworksBuildPhase section */
		E3DE31ED2047CBB600AAF6D9 /* Frameworks */ = {
			isa = PBXFrameworksBuildPhase;
			buildActionMask = 2147483647;
			files = (
			);
			runOnlyForDeploymentPostprocessing = 0;
		};
/* End PBXFrameworksBuildPhase section */

/* Begin PBXGroup section */
		E3DE31E72047CBB600AAF6D9 = {
			isa = PBXGroup;
			children = (
				E3DE31F22047CBB600AAF6D9 /* ARKit-Learn10 */,
				E3DE31F12047CBB600AAF6D9 /* Products */,
			);
			sourceTree = "<group>";
		};
		E3DE31F12047CBB600AAF6D9 /* Products */ = {
			isa = PBXGroup;
			children = (
				E3DE31F02047CBB600AAF6D9 /* ARKit-Learn10.app */,
			);
			name = Products;
			sourceTree = "<group>";
		};
		E3DE31F22047CBB600AAF6D9 /* ARKit-Learn10 */ = {
			isa = PBXGroup;
			children = (
				E34128F92047E3C000AB004F /* 1.PNG */,
				E3DE31F32047CBB600AAF6D9 /* AppDelegate.h */,
				E3DE31F42047CBB600AAF6D9 /* AppDelegate.m */,
				E3DE31F62047CBB600AAF6D9 /* ViewController.h */,
				E3DE31F72047CBB600AAF6D9 /* ViewController.m */,
				E34128FF2047E51600AB004F /* spark.png */,
				E34129002047E51600AB004F /* fire.scnp */,
				E3DE31F92047CBB600AAF6D9 /* Main.storyboard */,
				E3DE31FC2047CBB600AAF6D9 /* Assets.xcassets */,
				E3DE31FE2047CBB600AAF6D9 /* LaunchScreen.storyboard */,
				E3DE32012047CBB600AAF6D9 /* Info.plist */,
				E3DE32022047CBB600AAF6D9 /* main.m */,
			);
			path = "ARKit-Learn10";
			sourceTree = "<group>";
		};
/* End PBXGroup section */

/* Begin PBXNativeTarget section */
		E3DE31EF2047CBB600AAF6D9 /* ARKit-Learn10 */ = {
			isa = PBXNativeTarget;
			buildConfigurationList = E3DE32062047CBB600AAF6D9 /* Build configuration list for PBXNativeTarget "ARKit-Learn10" */;
			buildPhases = (
				E3DE31EC2047CBB600AAF6D9 /* Sources */,
				E3DE31ED2047CBB600AAF6D9 /* Frameworks */,
				E3DE31EE2047CBB600AAF6D9 /* Resources */,
			);
			buildRules = (
			);
			dependencies = (
			);
			name = "ARKit-Learn10";
			productName = "ARKit-Learn10";
			productReference = E3DE31F02047CBB600AAF6D9 /* ARKit-Learn10.app */;
			productType = "com.apple.product-type.application";
		};
/* End PBXNativeTarget section */

/* Begin PBXProject section */
		E3DE31E82047CBB600AAF6D9 /* Project object */ = {
			isa = PBXProject;
			attributes = {
				LastUpgradeCheck = 0910;
				ORGANIZATIONNAME = shiguang;
				TargetAttributes = {
					E3DE31EF2047CBB600AAF6D9 = {
						CreatedOnToolsVersion = 9.1;
						ProvisioningStyle = Automatic;
					};
				};
			};
			buildConfigurationList = E3DE31EB2047CBB600AAF6D9 /* Build configuration list for PBXProject "ARKit-Learn10" */;
			compatibilityVersion = "Xcode 8.0";
			developmentRegion = en;
			hasScannedForEncodings = 0;
			knownRegions = (
				en,
				Base,
			);
			mainGroup = E3DE31E72047CBB600AAF6D9;
			productRefGroup = E3DE31F12047CBB600AAF6D9 /* Products */;
			projectDirPath = "";
			projectRoot = "";
			targets = (
				E3DE31EF2047CBB600AAF6D9 /* ARKit-Learn10 */,
			);
		};
/* End PBXProject section */

/* Begin PBXResourcesBuildPhase section */
		E3DE31EE2047CBB600AAF6D9 /* Resources */ = {
			isa = PBXResourcesBuildPhase;
			buildActionMask = 2147483647;
			files = (
				E34129012047E51600AB004F /* spark.png in Resources */,
				E3DE32002047CBB600AAF6D9 /* LaunchScreen.storyboard in Resources */,
				E34128FA2047E3C000AB004F /* 1.PNG in Resources */,
				E34129022047E51600AB004F /* fire.scnp in Resources */,
				E3DE31FD2047CBB600AAF6D9 /* Assets.xcassets in Resources */,
				E3DE31FB2047CBB600AAF6D9 /* Main.storyboard in Resources */,
			);
			runOnlyForDeploymentPostprocessing = 0;
		};
/* End PBXResourcesBuildPhase section */

/* Begin PBXSourcesBuildPhase section */
		E3DE31EC2047CBB600AAF6D9 /* Sources */ = {
			isa = PBXSourcesBuildPhase;
			buildActionMask = 2147483647;
			files = (
				E3DE31F82047CBB600AAF6D9 /* ViewController.m in Sources */,
				E3DE32032047CBB600AAF6D9 /* main.m in Sources */,
				E3DE31F52047CBB600AAF6D9 /* AppDelegate.m in Sources */,
			);
			runOnlyForDeploymentPostprocessing = 0;
		};
/* End PBXSourcesBuildPhase section */

/* Begin PBXVariantGroup section */
		E3DE31F92047CBB600AAF6D9 /* Main.storyboard */ = {
			isa = PBXVariantGroup;
			children = (
				E3DE31FA2047CBB600AAF6D9 /* Base */,
			);
			name = Main.storyboard;
			sourceTree = "<group>";
		};
		E3DE31FE2047CBB600AAF6D9 /* LaunchScreen.storyboard */ = {
			isa = PBXVariantGroup;
			children = (
				E3DE31FF2047CBB600AAF6D9 /* Base */,
			);
			name = LaunchScreen.storyboard;
			sourceTree = "<group>";
		};
/* End PBXVariantGroup section */

/* Begin XCBuildConfiguration section */
		E3DE32042047CBB600AAF6D9 /* Debug */ = {
			isa = XCBuildConfiguration;
			buildSettings = {
				ALWAYS_SEARCH_USER_PATHS = NO;
				CLANG_ANALYZER_NONNULL = YES;
				CLANG_ANALYZER_NUMBER_OBJECT_CONVERSION = YES_AGGRESSIVE;
				CLANG_CXX_LANGUAGE_STANDARD = "gnu++14";
				CLANG_CXX_LIBRARY = "libc++";
				CLANG_ENABLE_MODULES = YES;
				CLANG_ENABLE_OBJC_ARC = YES;
				CLANG_WARN_BLOCK_CAPTURE_AUTORELEASING = YES;
				CLANG_WARN_BOOL_CONVERSION = YES;
				CLANG_WARN_COMMA = YES;
				CLANG_WARN_CONSTANT_CONVERSION = YES;
				CLANG_WARN_DIRECT_OBJC_ISA_USAGE = YES_ERROR;
				CLANG_WARN_DOCUMENTATION_COMMENTS = YES;
				CLANG_WARN_EMPTY_BODY = YES;
				CLANG_WARN_ENUM_CONVERSION = YES;
				CLANG_WARN_INFINITE_RECURSION = YES;
				CLANG_WARN_INT_CONVERSION = YES;
				CLANG_WARN_NON_LITERAL_NULL_CONVERSION = YES;
				CLANG_WARN_OBJC_LITERAL_CONVERSION = YES;
				CLANG_WARN_OBJC_ROOT_CLASS = YES_ERROR;
				CLANG_WARN_RANGE_LOOP_ANALYSIS = YES;
				CLANG_WARN_STRICT_PROTOTYPES = YES;
				CLANG_WARN_SUSPICIOUS_MOVE = YES;
				CLANG_WARN_UNGUARDED_AVAILABILITY = YES_AGGRESSIVE;
				CLANG_WARN_UNREACHABLE_CODE = YES;
				CLANG_WARN__DUPLICATE_METHOD_MATCH = YES;
				CODE_SIGN_IDENTITY = "iPhone Developer";
				COPY_PHASE_STRIP = NO;
				DEBUG_INFORMATION_FORMAT = dwarf;
				ENABLE_STRICT_OBJC_MSGSEND = YES;
				ENABLE_TESTABILITY = YES;
				GCC_C_LANGUAGE_STANDARD = gnu11;
				GCC_DYNAMIC_NO_PIC = NO;
				GCC_NO_COMMON_BLOCKS = YES;
				GCC_OPTIMIZATION_LEVEL = 0;
				GCC_PREPROCESSOR_DEFINITIONS = (
					"DEBUG=1",
					"$(inherited)",
				);
				GCC_WARN_64_TO_32_BIT_CONVERSION = YES;
				GCC_WARN_ABOUT_RETURN_TYPE = YES_ERROR;
				GCC_WARN_UNDECLARED_SELECTOR = YES;
				GCC_WARN_UNINITIALIZED_AUTOS = YES_AGGRESSIVE;
				GCC_WARN_UNUSED_FUNCTION = YES;
				GCC_WARN_UNUSED_VARIABLE = YES;
				IPHONEOS_DEPLOYMENT_TARGET = 11.1;
				MTL_ENABLE_DEBUG_INFO = YES;
				ONLY_ACTIVE_ARCH = YES;
				SDKROOT = iphoneos;
			};
			name = Debug;
		};
		E3DE32052047CBB600AAF6D9 /* Release */ = {
			isa = XCBuildConfiguration;
			buildSettings = {
				ALWAYS_SEARCH_USER_PATHS = NO;
				CLANG_ANALYZER_NONNULL = YES;
				CLANG_ANALYZER_NUMBER_OBJECT_CONVERSION = YES_AGGRESSIVE;
				CLANG_CXX_LANGUAGE_STANDARD = "gnu++14";
				CLANG_CXX_LIBRARY = "libc++";
				CLANG_ENABLE_MODULES = YES;
				CLANG_ENABLE_OBJC_ARC = YES;
				CLANG_WARN_BLOCK_CAPTURE_AUTORELEASING = YES;
				CLANG_WARN_BOOL_CONVERSION = YES;
				CLANG_WARN_COMMA = YES;
				CLANG_WARN_CONSTANT_CONVERSION = YES;
				CLANG_WARN_DIRECT_OBJC_ISA_USAGE = YES_ERROR;
				CLANG_WARN_DOCUMENTATION_COMMENTS = YES;
				CLANG_WARN_EMPTY_BODY = YES;
				CLANG_WARN_ENUM_CONVERSION = YES;
				CLANG_WARN_INFINITE_RECURSION = YES;
				CLANG_WARN_INT_CONVERSION = YES;
				CLANG_WARN_NON_LITERAL_NULL_CONVERSION = YES;
				CLANG_WARN_OBJC_LITERAL_CONVERSION = YES;
				CLANG_WARN_OBJC_ROOT_CLASS = YES_ERROR;
				CLANG_WARN_RANGE_LOOP_ANALYSIS = YES;
				CLANG_WARN_STRICT_PROTOTYPES = YES;
				CLANG_WARN_SUSPICIOUS_MOVE = YES;
				CLANG_WARN_UNGUARDED_AVAILABILITY = YES_AGGRESSIVE;
				CLANG_WARN_UNREACHABLE_CODE = YES;
				CLANG_WARN__DUPLICATE_METHOD_MATCH = YES;
				CODE_SIGN_IDENTITY = "iPhone Developer";
				COPY_PHASE_STRIP = NO;
				DEBUG_INFORMATION_FORMAT = "dwarf-with-dsym";
				ENABLE_NS_ASSERTIONS = NO;
				ENABLE_STRICT_OBJC_MSGSEND = YES;
				GCC_C_LANGUAGE_STANDARD = gnu11;
				GCC_NO_COMMON_BLOCKS = YES;
				GCC_WARN_64_TO_32_BIT_CONVERSION = YES;
				GCC_WARN_ABOUT_RETURN_TYPE = YES_ERROR;
				GCC_WARN_UNDECLARED_SELECTOR = YES;
				GCC_WARN_UNINITIALIZED_AUTOS = YES_AGGRESSIVE;
				GCC_WARN_UNUSED_FUNCTION = YES;
				GCC_WARN_UNUSED_VARIABLE = YES;
				IPHONEOS_DEPLOYMENT_TARGET = 11.1;
				MTL_ENABLE_DEBUG_INFO = NO;
				SDKROOT = iphoneos;
				VALIDATE_PRODUCT = YES;
			};
			name = Release;
		};
		E3DE32072047CBB600AAF6D9 /* Debug */ = {
			isa = XCBuildConfiguration;
			buildSettings = {
				ASSETCATALOG_COMPILER_APPICON_NAME = AppIcon;
				CODE_SIGN_STYLE = Automatic;
				DEVELOPMENT_TEAM = G32WQ32RAR;
				INFOPLIST_FILE = "ARKit-Learn10/Info.plist";
				IPHONEOS_DEPLOYMENT_TARGET = 8.0;
				LD_RUNPATH_SEARCH_PATHS = "$(inherited) @executable_path/Frameworks";
				PRODUCT_BUNDLE_IDENTIFIER = "test.ARKit-Learn10";
				PRODUCT_NAME = "$(TARGET_NAME)";
				TARGETED_DEVICE_FAMILY = "1,2";
			};
			name = Debug;
		};
		E3DE32082047CBB600AAF6D9 /* Release */ = {
			isa = XCBuildConfiguration;
			buildSettings = {
				ASSETCATALOG_COMPILER_APPICON_NAME = AppIcon;
				CODE_SIGN_STYLE = Automatic;
				DEVELOPMENT_TEAM = G32WQ32RAR;
				INFOPLIST_FILE = "ARKit-Learn10/Info.plist";
				IPHONEOS_DEPLOYMENT_TARGET = 8.0;
				LD_RUNPATH_SEARCH_PATHS = "$(inherited) @executable_path/Frameworks";
				PRODUCT_BUNDLE_IDENTIFIER = "test.ARKit-Learn10";
				PRODUCT_NAME = "$(TARGET_NAME)";
				TARGETED_DEVICE_FAMILY = "1,2";
			};
			name = Release;
		};
/* End XCBuildConfiguration section */

/* Begin XCConfigurationList section */
		E3DE31EB2047CBB600AAF6D9 /* Build configuration list for PBXProject "ARKit-Learn10" */ = {
			isa = XCConfigurationList;
			buildConfigurations = (
				E3DE32042047CBB600AAF6D9 /* Debug */,
				E3DE32052047CBB600AAF6D9 /* Release */,
			);
			defaultConfigurationIsVisible = 0;
			defaultConfigurationName = Release;
		};
		E3DE32062047CBB600AAF6D9 /* Build configuration list for PBXNativeTarget "ARKit-Learn10" */ = {
			isa = XCConfigurationList;
			buildConfigurations = (
				E3DE32072047CBB600AAF6D9 /* Debug */,
				E3DE32082047CBB600AAF6D9 /* Release */,
			);
			defaultConfigurationIsVisible = 0;
			defaultConfigurationName = Release;
		};
/* End XCConfigurationList section */
	};
	rootObject = E3DE31E82047CBB600AAF6D9 /* Project object */;
}
