// !$*UTF8*$!
{
	archiveVersion = 1;
	classes = {
	};
	objectVersion = 48;
	objects = {

/* Begin PBXBuildFile section */
		E3412A292048F9E100AB004F /* AppDelegate.m in Sources */ = {isa = PBXBuildFile; fileRef = E3412A282048F9E100AB004F /* AppDelegate.m */; };
		E3412A2C2048F9E100AB004F /* ViewController.m in Sources */ = {isa = PBXBuildFile; fileRef = E3412A2B2048F9E100AB004F /* ViewController.m */; };
		E3412A2F2048F9E100AB004F /* Main.storyboard in Resources */ = {isa = PBXBuildFile; fileRef = E3412A2D2048F9E100AB004F /* Main.storyboard */; };
		E3412A312048F9E100AB004F /* Assets.xcassets in Resources */ = {isa = PBXBuildFile; fileRef = E3412A302048F9E100AB004F /* Assets.xcassets */; };
		E3412A342048F9E100AB004F /* LaunchScreen.storyboard in Resources */ = {isa = PBXBuildFile; fileRef = E3412A322048F9E100AB004F /* LaunchScreen.storyboard */; };
		E3412A372048F9E100AB004F /* main.m in Sources */ = {isa = PBXBuildFile; fileRef = E3412A362048F9E100AB004F /* main.m */; };
		E3412D3B204F7F4100AB004F /* attack.dae in Resources */ = {isa = PBXBuildFile; fileRef = E3412D32204F7F3F00AB004F /* attack.dae */; };
		E3412D3C204F7F4100AB004F /* walk.dae in Resources */ = {isa = PBXBuildFile; fileRef = E3412D33204F7F3F00AB004F /* walk.dae */; };
		E3412D3D204F7F4100AB004F /* death.dae in Resources */ = {isa = PBXBuildFile; fileRef = E3412D34204F7F3F00AB004F /* death.dae */; };
		E3412D3E204F7F4100AB004F /* hero.dae in Resources */ = {isa = PBXBuildFile; fileRef = E3412D35204F7F3F00AB004F /* hero.dae */; };
		E3412D3F204F7F4100AB004F /* male_large_01.png in Resources */ = {isa = PBXBuildFile; fileRef = E3412D36204F7F3F00AB004F /* male_large_01.png */; };
		E3412D40204F7F4100AB004F /* 1.PNG in Resources */ = {isa = PBXBuildFile; fileRef = E3412D37204F7F4000AB004F /* 1.PNG */; };
		E3412D41204F7F4100AB004F /* foliage.png in Resources */ = {isa = PBXBuildFile; fileRef = E3412D39204F7F4000AB004F /* foliage.png */; };
		E3412D42204F7F4100AB004F /* palm_tree.dae in Resources */ = {isa = PBXBuildFile; fileRef = E3412D3A204F7F4000AB004F /* palm_tree.dae */; };
		E3412D44204F96E000AB004F /* floor.jpg in Resources */ = {isa = PBXBuildFile; fileRef = E3412D43204F96DF00AB004F /* floor.jpg */; };
/* End PBXBuildFile section */

/* Begin PBXFileReference section */
		E3412A242048F9E100AB004F /* ARKit-Learn18.app */ = {isa = PBXFileReference; explicitFileType = wrapper.application; includeInIndex = 0; path = "ARKit-Learn18.app"; sourceTree = BUILT_PRODUCTS_DIR; };
		E3412A272048F9E100AB004F /* AppDelegate.h */ = {isa = PBXFileReference; lastKnownFileType = sourcecode.c.h; path = AppDelegate.h; sourceTree = "<group>"; };
		E3412A282048F9E100AB004F /* AppDelegate.m */ = {isa = PBXFileReference; lastKnownFileType = sourcecode.c.objc; path = AppDelegate.m; sourceTree = "<group>"; };
		E3412A2A2048F9E100AB004F /* ViewController.h */ = {isa = PBXFileReference; lastKnownFileType = sourcecode.c.h; path = ViewController.h; sourceTree = "<group>"; };
		E3412A2B2048F9E100AB004F /* ViewController.m */ = {isa = PBXFileReference; lastKnownFileType = sourcecode.c.objc; path = ViewController.m; sourceTree = "<group>"; };
		E3412A2E2048F9E100AB004F /* Base */ = {isa = PBXFileReference; lastKnownFileType = file.storyboard; name = Base; path = Base.lproj/Main.storyboard; sourceTree = "<group>"; };
		E3412A302048F9E100AB004F /* Assets.xcassets */ = {isa = PBXFileReference; lastKnownFileType = folder.assetcatalog; path = Assets.xcassets; sourceTree = "<group>"; };
		E3412A332048F9E100AB004F /* Base */ = {isa = PBXFileReference; lastKnownFileType = file.storyboard; name = Base; path = Base.lproj/LaunchScreen.storyboard; sourceTree = "<group>"; };
		E3412A352048F9E100AB004F /* Info.plist */ = {isa = PBXFileReference; lastKnownFileType = text.plist.xml; path = Info.plist; sourceTree = "<group>"; };
		E3412A362048F9E100AB004F /* main.m */ = {isa = PBXFileReference; lastKnownFileType = sourcecode.c.objc; path = main.m; sourceTree = "<group>"; };
		E3412D32204F7F3F00AB004F /* attack.dae */ = {isa = PBXFileReference; fileEncoding = 4; lastKnownFileType = text.xml.dae; path = attack.dae; sourceTree = "<group>"; };
		E3412D33204F7F3F00AB004F /* walk.dae */ = {isa = PBXFileReference; fileEncoding = 4; lastKnownFileType = text.xml.dae; path = walk.dae; sourceTree = "<group>"; };
		E3412D34204F7F3F00AB004F /* death.dae */ = {isa = PBXFileReference; fileEncoding = 4; lastKnownFileType = text.xml.dae; path = death.dae; sourceTree = "<group>"; };
		E3412D35204F7F3F00AB004F /* hero.dae */ = {isa = PBXFileReference; fileEncoding = 4; lastKnownFileType = text.xml.dae; path = hero.dae; sourceTree = "<group>"; };
		E3412D36204F7F3F00AB004F /* male_large_01.png */ = {isa = PBXFileReference; lastKnownFileType = image.png; path = male_large_01.png; sourceTree = "<group>"; };
		E3412D37204F7F4000AB004F /* 1.PNG */ = {isa = PBXFileReference; lastKnownFileType = image.png; path = 1.PNG; sourceTree = "<group>"; };
		E3412D39204F7F4000AB004F /* foliage.png */ = {isa = PBXFileReference; lastKnownFileType = image.png; path = foliage.png; sourceTree = "<group>"; };
		E3412D3A204F7F4000AB004F /* palm_tree.dae */ = {isa = PBXFileReference; fileEncoding = 4; lastKnownFileType = text.xml.dae; path = palm_tree.dae; sourceTree = "<group>"; };
		E3412D43204F96DF00AB004F /* floor.jpg */ = {isa = PBXFileReference; lastKnownFileType = image.jpeg; path = floor.jpg; sourceTree = "<group>"; };
/* End PBXFileReference section */

/* Begin PBXFrameworksBuildPhase section */
		E3412A212048F9E100AB004F /* Frameworks */ = {
			isa = PBXFrameworksBuildPhase;
			buildActionMask = 2147483647;
			files = (
			);
			runOnlyForDeploymentPostprocessing = 0;
		};
/* End PBXFrameworksBuildPhase section */

/* Begin PBXGroup section */
		E3412A1B2048F9E100AB004F = {
			isa = PBXGroup;
			children = (
				E3412A262048F9E100AB004F /* ARKit-Learn18 */,
				E3412A252048F9E100AB004F /* Products */,
			);
			sourceTree = "<group>";
		};
		E3412A252048F9E100AB004F /* Products */ = {
			isa = PBXGroup;
			children = (
				E3412A242048F9E100AB004F /* ARKit-Learn18.app */,
			);
			name = Products;
			sourceTree = "<group>";
		};
		E3412A262048F9E100AB004F /* ARKit-Learn18 */ = {
			isa = PBXGroup;
			children = (
				E3412D37204F7F4000AB004F /* 1.PNG */,
				E3412D43204F96DF00AB004F /* floor.jpg */,
				E3412D31204F7F3F00AB004F /* hero */,
				E3412D38204F7F4000AB004F /* palmTree */,
				E3412A272048F9E100AB004F /* AppDelegate.h */,
				E3412A282048F9E100AB004F /* AppDelegate.m */,
				E3412A2A2048F9E100AB004F /* ViewController.h */,
				E3412A2B2048F9E100AB004F /* ViewController.m */,
				E3412A2D2048F9E100AB004F /* Main.storyboard */,
				E3412A302048F9E100AB004F /* Assets.xcassets */,
				E3412A322048F9E100AB004F /* LaunchScreen.storyboard */,
				E3412A352048F9E100AB004F /* Info.plist */,
				E3412A362048F9E100AB004F /* main.m */,
			);
			path = "ARKit-Learn18";
			sourceTree = "<group>";
		};
		E3412D31204F7F3F00AB004F /* hero */ = {
			isa = PBXGroup;
			children = (
				E3412D32204F7F3F00AB004F /* attack.dae */,
				E3412D33204F7F3F00AB004F /* walk.dae */,
				E3412D34204F7F3F00AB004F /* death.dae */,
				E3412D35204F7F3F00AB004F /* hero.dae */,
				E3412D36204F7F3F00AB004F /* male_large_01.png */,
			);
			path = hero;
			sourceTree = "<group>";
		};
		E3412D38204F7F4000AB004F /* palmTree */ = {
			isa = PBXGroup;
			children = (
				E3412D39204F7F4000AB004F /* foliage.png */,
				E3412D3A204F7F4000AB004F /* palm_tree.dae */,
			);
			path = palmTree;
			sourceTree = "<group>";
		};
/* End PBXGroup section */

/* Begin PBXNativeTarget section */
		E3412A232048F9E100AB004F /* ARKit-Learn18 */ = {
			isa = PBXNativeTarget;
			buildConfigurationList = E3412A3A2048F9E100AB004F /* Build configuration list for PBXNativeTarget "ARKit-Learn18" */;
			buildPhases = (
				E3412A202048F9E100AB004F /* Sources */,
				E3412A212048F9E100AB004F /* Frameworks */,
				E3412A222048F9E100AB004F /* Resources */,
			);
			buildRules = (
			);
			dependencies = (
			);
			name = "ARKit-Learn18";
			productName = "ARKit-Learn18";
			productReference = E3412A242048F9E100AB004F /* ARKit-Learn18.app */;
			productType = "com.apple.product-type.application";
		};
/* End PBXNativeTarget section */

/* Begin PBXProject section */
		E3412A1C2048F9E100AB004F /* Project object */ = {
			isa = PBXProject;
			attributes = {
				LastUpgradeCheck = 0910;
				ORGANIZATIONNAME = shiguang;
				TargetAttributes = {
					E3412A232048F9E100AB004F = {
						CreatedOnToolsVersion = 9.1;
						ProvisioningStyle = Automatic;
					};
				};
			};
			buildConfigurationList = E3412A1F2048F9E100AB004F /* Build configuration list for PBXProject "ARKit-Learn18" */;
			compatibilityVersion = "Xcode 8.0";
			developmentRegion = en;
			hasScannedForEncodings = 0;
			knownRegions = (
				en,
				Base,
			);
			mainGroup = E3412A1B2048F9E100AB004F;
			productRefGroup = E3412A252048F9E100AB004F /* Products */;
			projectDirPath = "";
			projectRoot = "";
			targets = (
				E3412A232048F9E100AB004F /* ARKit-Learn18 */,
			);
		};
/* End PBXProject section */

/* Begin PBXResourcesBuildPhase section */
		E3412A222048F9E100AB004F /* Resources */ = {
			isa = PBXResourcesBuildPhase;
			buildActionMask = 2147483647;
			files = (
				E3412A342048F9E100AB004F /* LaunchScreen.storyboard in Resources */,
				E3412D3D204F7F4100AB004F /* death.dae in Resources */,
				E3412D3E204F7F4100AB004F /* hero.dae in Resources */,
				E3412D41204F7F4100AB004F /* foliage.png in Resources */,
				E3412A312048F9E100AB004F /* Assets.xcassets in Resources */,
				E3412D3B204F7F4100AB004F /* attack.dae in Resources */,
				E3412D44204F96E000AB004F /* floor.jpg in Resources */,
				E3412D3F204F7F4100AB004F /* male_large_01.png in Resources */,
				E3412D42204F7F4100AB004F /* palm_tree.dae in Resources */,
				E3412D40204F7F4100AB004F /* 1.PNG in Resources */,
				E3412A2F2048F9E100AB004F /* Main.storyboard in Resources */,
				E3412D3C204F7F4100AB004F /* walk.dae in Resources */,
			);
			runOnlyForDeploymentPostprocessing = 0;
		};
/* End PBXResourcesBuildPhase section */

/* Begin PBXSourcesBuildPhase section */
		E3412A202048F9E100AB004F /* Sources */ = {
			isa = PBXSourcesBuildPhase;
			buildActionMask = 2147483647;
			files = (
				E3412A2C2048F9E100AB004F /* ViewController.m in Sources */,
				E3412A372048F9E100AB004F /* main.m in Sources */,
				E3412A292048F9E100AB004F /* AppDelegate.m in Sources */,
			);
			runOnlyForDeploymentPostprocessing = 0;
		};
/* End PBXSourcesBuildPhase section */

/* Begin PBXVariantGroup section */
		E3412A2D2048F9E100AB004F /* Main.storyboard */ = {
			isa = PBXVariantGroup;
			children = (
				E3412A2E2048F9E100AB004F /* Base */,
			);
			name = Main.storyboard;
			sourceTree = "<group>";
		};
		E3412A322048F9E100AB004F /* LaunchScreen.storyboard */ = {
			isa = PBXVariantGroup;
			children = (
				E3412A332048F9E100AB004F /* Base */,
			);
			name = LaunchScreen.storyboard;
			sourceTree = "<group>";
		};
/* End PBXVariantGroup section */

/* Begin XCBuildConfiguration section */
		E3412A382048F9E100AB004F /* Debug */ = {
			isa = XCBuildConfiguration;
			buildSettings = {
				ALWAYS_SEARCH_USER_PATHS = NO;
				CLANG_ANALYZER_NONNULL = YES;
				CLANG_ANALYZER_NUMBER_OBJECT_CONVERSION = YES_AGGRESSIVE;
				CLANG_CXX_LANGUAGE_STANDARD = "gnu++14";
				CLANG_CXX_LIBRARY = "libc++";
				CLANG_ENABLE_MODULES = YES;
				CLANG_ENABLE_OBJC_ARC = YES;
				CLANG_WARN_BLOCK_CAPTURE_AUTORELEASING = YES;
				CLANG_WARN_BOOL_CONVERSION = YES;
				CLANG_WARN_COMMA = YES;
				CLANG_WARN_CONSTANT_CONVERSION = YES;
				CLANG_WARN_DIRECT_OBJC_ISA_USAGE = YES_ERROR;
				CLANG_WARN_DOCUMENTATION_COMMENTS = YES;
				CLANG_WARN_EMPTY_BODY = YES;
				CLANG_WARN_ENUM_CONVERSION = YES;
				CLANG_WARN_INFINITE_RECURSION = YES;
				CLANG_WARN_INT_CONVERSION = YES;
				CLANG_WARN_NON_LITERAL_NULL_CONVERSION = YES;
				CLANG_WARN_OBJC_LITERAL_CONVERSION = YES;
				CLANG_WARN_OBJC_ROOT_CLASS = YES_ERROR;
				CLANG_WARN_RANGE_LOOP_ANALYSIS = YES;
				CLANG_WARN_STRICT_PROTOTYPES = YES;
				CLANG_WARN_SUSPICIOUS_MOVE = YES;
				CLANG_WARN_UNGUARDED_AVAILABILITY = YES_AGGRESSIVE;
				CLANG_WARN_UNREACHABLE_CODE = YES;
				CLANG_WARN__DUPLICATE_METHOD_MATCH = YES;
				CODE_SIGN_IDENTITY = "iPhone Developer";
				COPY_PHASE_STRIP = NO;
				DEBUG_INFORMATION_FORMAT = dwarf;
				ENABLE_STRICT_OBJC_MSGSEND = YES;
				ENABLE_TESTABILITY = YES;
				GCC_C_LANGUAGE_STANDARD = gnu11;
				GCC_DYNAMIC_NO_PIC = NO;
				GCC_NO_COMMON_BLOCKS = YES;
				GCC_OPTIMIZATION_LEVEL = 0;
				GCC_PREPROCESSOR_DEFINITIONS = (
					"DEBUG=1",
					"$(inherited)",
				);
				GCC_WARN_64_TO_32_BIT_CONVERSION = YES;
				GCC_WARN_ABOUT_RETURN_TYPE = YES_ERROR;
				GCC_WARN_UNDECLARED_SELECTOR = YES;
				GCC_WARN_UNINITIALIZED_AUTOS = YES_AGGRESSIVE;
				GCC_WARN_UNUSED_FUNCTION = YES;
				GCC_WARN_UNUSED_VARIABLE = YES;
				IPHONEOS_DEPLOYMENT_TARGET = 11.1;
				MTL_ENABLE_DEBUG_INFO = YES;
				ONLY_ACTIVE_ARCH = YES;
				SDKROOT = iphoneos;
			};
			name = Debug;
		};
		E3412A392048F9E100AB004F /* Release */ = {
			isa = XCBuildConfiguration;
			buildSettings = {
				ALWAYS_SEARCH_USER_PATHS = NO;
				CLANG_ANALYZER_NONNULL = YES;
				CLANG_ANALYZER_NUMBER_OBJECT_CONVERSION = YES_AGGRESSIVE;
				CLANG_CXX_LANGUAGE_STANDARD = "gnu++14";
				CLANG_CXX_LIBRARY = "libc++";
				CLANG_ENABLE_MODULES = YES;
				CLANG_ENABLE_OBJC_ARC = YES;
				CLANG_WARN_BLOCK_CAPTURE_AUTORELEASING = YES;
				CLANG_WARN_BOOL_CONVERSION = YES;
				CLANG_WARN_COMMA = YES;
				CLANG_WARN_CONSTANT_CONVERSION = YES;
				CLANG_WARN_DIRECT_OBJC_ISA_USAGE = YES_ERROR;
				CLANG_WARN_DOCUMENTATION_COMMENTS = YES;
				CLANG_WARN_EMPTY_BODY = YES;
				CLANG_WARN_ENUM_CONVERSION = YES;
				CLANG_WARN_INFINITE_RECURSION = YES;
				CLANG_WARN_INT_CONVERSION = YES;
				CLANG_WARN_NON_LITERAL_NULL_CONVERSION = YES;
				CLANG_WARN_OBJC_LITERAL_CONVERSION = YES;
				CLANG_WARN_OBJC_ROOT_CLASS = YES_ERROR;
				CLANG_WARN_RANGE_LOOP_ANALYSIS = YES;
				CLANG_WARN_STRICT_PROTOTYPES = YES;
				CLANG_WARN_SUSPICIOUS_MOVE = YES;
				CLANG_WARN_UNGUARDED_AVAILABILITY = YES_AGGRESSIVE;
				CLANG_WARN_UNREACHABLE_CODE = YES;
				CLANG_WARN__DUPLICATE_METHOD_MATCH = YES;
				CODE_SIGN_IDENTITY = "iPhone Developer";
				COPY_PHASE_STRIP = NO;
				DEBUG_INFORMATION_FORMAT = "dwarf-with-dsym";
				ENABLE_NS_ASSERTIONS = NO;
				ENABLE_STRICT_OBJC_MSGSEND = YES;
				GCC_C_LANGUAGE_STANDARD = gnu11;
				GCC_NO_COMMON_BLOCKS = YES;
				GCC_WARN_64_TO_32_BIT_CONVERSION = YES;
				GCC_WARN_ABOUT_RETURN_TYPE = YES_ERROR;
				GCC_WARN_UNDECLARED_SELECTOR = YES;
				GCC_WARN_UNINITIALIZED_AUTOS = YES_AGGRESSIVE;
				GCC_WARN_UNUSED_FUNCTION = YES;
				GCC_WARN_UNUSED_VARIABLE = YES;
				IPHONEOS_DEPLOYMENT_TARGET = 11.1;
				MTL_ENABLE_DEBUG_INFO = NO;
				SDKROOT = iphoneos;
				VALIDATE_PRODUCT = YES;
			};
			name = Release;
		};
		E3412A3B2048F9E100AB004F /* Debug */ = {
			isa = XCBuildConfiguration;
			buildSettings = {
				ASSETCATALOG_COMPILER_APPICON_NAME = AppIcon;
				CODE_SIGN_STYLE = Automatic;
				DEVELOPMENT_TEAM = 3MBF9B5ZRL;
				INFOPLIST_FILE = "ARKit-Learn18/Info.plist";
				LD_RUNPATH_SEARCH_PATHS = "$(inherited) @executable_path/Frameworks";
				PRODUCT_BUNDLE_IDENTIFIER = "test.ARKit-Learn18";
				PRODUCT_NAME = "$(TARGET_NAME)";
				TARGETED_DEVICE_FAMILY = "1,2";
			};
			name = Debug;
		};
		E3412A3C2048F9E100AB004F /* Release */ = {
			isa = XCBuildConfiguration;
			buildSettings = {
				ASSETCATALOG_COMPILER_APPICON_NAME = AppIcon;
				CODE_SIGN_STYLE = Automatic;
				DEVELOPMENT_TEAM = 3MBF9B5ZRL;
				INFOPLIST_FILE = "ARKit-Learn18/Info.plist";
				LD_RUNPATH_SEARCH_PATHS = "$(inherited) @executable_path/Frameworks";
				PRODUCT_BUNDLE_IDENTIFIER = "test.ARKit-Learn18";
				PRODUCT_NAME = "$(TARGET_NAME)";
				TARGETED_DEVICE_FAMILY = "1,2";
			};
			name = Release;
		};
/* End XCBuildConfiguration section */

/* Begin XCConfigurationList section */
		E3412A1F2048F9E100AB004F /* Build configuration list for PBXProject "ARKit-Learn18" */ = {
			isa = XCConfigurationList;
			buildConfigurations = (
				E3412A382048F9E100AB004F /* Debug */,
				E3412A392048F9E100AB004F /* Release */,
			);
			defaultConfigurationIsVisible = 0;
			defaultConfigurationName = Release;
		};
		E3412A3A2048F9E100AB004F /* Build configuration list for PBXNativeTarget "ARKit-Learn18" */ = {
			isa = XCConfigurationList;
			buildConfigurations = (
				E3412A3B2048F9E100AB004F /* Debug */,
				E3412A3C2048F9E100AB004F /* Release */,
			);
			defaultConfigurationIsVisible = 0;
			defaultConfigurationName = Release;
		};
/* End XCConfigurationList section */
	};
	rootObject = E3412A1C2048F9E100AB004F /* Project object */;
}
